{
  "name": "node-red-contrib-openzwave-am",
  "version": "1.6.0",
  "lockfileVersion": 1,
  "requires": true,
  "dependencies": {
    "@types/node": {
      "version": "12.12.14",
      "resolved": "https://registry.npmjs.org/@types/node/-/node-12.12.14.tgz",
      "integrity": "sha512-u/SJDyXwuihpwjXy7hOOghagLEV1KdAST6syfnOk6QZAMzZuWZqXy5aYYZbh8Jdpd4escVFP0MvftHNDb9pruA=="
    },
    "getmac": {
      "version": "4.1.0",
      "resolved": "https://registry.npmjs.org/getmac/-/getmac-4.1.0.tgz",
      "integrity": "sha512-dN1KG4ffj3koAhxD8wB1eQPdyKpq03eEDvX4DRR00pRRjjk1oOhwLjlU1zZd7ufyk6veb9Bj4v84rmu+0VawXw==",
      "requires": {
        "@types/node": "^12.12.8"
      }
    }
  }
}
